<?xml version="1.0" encoding="utf-8"?>
<Project ToolsVersion="4.0" xmlns="http://schemas.microsoft.com/developer/msbuild/2003">
  <ItemGroup>
    <Filter Include="BaekjoonOnlineJudge">
      <UniqueIdentifier>{4FC737F1-C7A5-4376-A066-2A32D752A2FF}</UniqueIdentifier>
      <Extensions>cpp;c;cc;cxx;c++;cppm;ixx;def;odl;idl;hpj;bat;asm;asmx</Extensions>
    </Filter>
    <Filter Include="프로그래머스">
      <UniqueIdentifier>{28d38c5e-6c3b-467d-b78f-4187d66af4fc}</UniqueIdentifier>
    </Filter>
  </ItemGroup>
  <ItemGroup>
    <ClCompile Include="BaekjoonOnlineJudge_3986.cpp">
      <Filter>BaekjoonOnlineJudge</Filter>
    </ClCompile>
    <ClCompile Include="BaekjoonOnlineJudge_24060.cpp">
      <Filter>BaekjoonOnlineJudge</Filter>
    </ClCompile>
    <ClCompile Include="BaekjoonOnlineJudge_1158.cpp">
      <Filter>BaekjoonOnlineJudge</Filter>
    </ClCompile>
    <ClCompile Include="BaekjoonOnlineJudge_17827.cpp">
      <Filter>BaekjoonOnlineJudge</Filter>
    </ClCompile>
    <ClCompile Include="BaekjoonOnlineJudge_15649.cpp">
      <Filter>BaekjoonOnlineJudge</Filter>
    </ClCompile>
    <ClCompile Include="BaekjoonOnlineJudge_15650.cpp">
      <Filter>BaekjoonOnlineJudge</Filter>
    </ClCompile>
    <ClCompile Include="BaekjoonOnlineJudge_15651.cpp">
      <Filter>BaekjoonOnlineJudge</Filter>
    </ClCompile>
    <ClCompile Include="BaekjoonOnlineJudge_15652.cpp">
      <Filter>BaekjoonOnlineJudge</Filter>
    </ClCompile>
    <ClCompile Include="BaekjoonOnlineJudge_5397.cpp">
      <Filter>BaekjoonOnlineJudge</Filter>
    </ClCompile>
    <ClCompile Include="BaekjoonOnlineJudge_9663.cpp">
      <Filter>BaekjoonOnlineJudge</Filter>
    </ClCompile>
    <ClCompile Include="BaekjoonOnlineJudge_10814.cpp">
      <Filter>BaekjoonOnlineJudge</Filter>
    </ClCompile>
    <ClCompile Include="BaekjoonOnlineJudge_2750.cpp">
      <Filter>BaekjoonOnlineJudge</Filter>
    </ClCompile>
    <ClCompile Include="BaekjoonOnlineJudge_1920.cpp">
      <Filter>BaekjoonOnlineJudge</Filter>
    </ClCompile>
    <ClCompile Include="BaekjoonOnlineJudge_10816.cpp">
      <Filter>BaekjoonOnlineJudge</Filter>
    </ClCompile>
    <ClCompile Include="BaekjoonOnlineJudge_1302.cpp">
      <Filter>BaekjoonOnlineJudge</Filter>
    </ClCompile>
    <ClCompile Include="BaekjoonOnlineJudge_1620.cpp">
      <Filter>BaekjoonOnlineJudge</Filter>
    </ClCompile>
    <ClCompile Include="BaekjoonOnlineJudge_1316.cpp">
      <Filter>BaekjoonOnlineJudge</Filter>
    </ClCompile>
    <ClCompile Include="BaekjoonOnlineJudge_1764.cpp">
      <Filter>BaekjoonOnlineJudge</Filter>
    </ClCompile>
    <ClCompile Include="BaekjoonOnlineJudge_10815.cpp">
      <Filter>BaekjoonOnlineJudge</Filter>
    </ClCompile>
    <ClCompile Include="프로그래머스_K번째수.cpp">
      <Filter>프로그래머스</Filter>
    </ClCompile>
    <ClCompile Include="프로그래머스_같은 숫자는 싫어.cpp">
      <Filter>프로그래머스</Filter>
    </ClCompile>
    <ClCompile Include="프로그래머스_괄호 회전하기.cpp">
      <Filter>프로그래머스</Filter>
    </ClCompile>
    <ClCompile Include="프로그래머스_기능개발.cpp">
      <Filter>프로그래머스</Filter>
    </ClCompile>
    <ClCompile Include="프로그래머스_다리를 지나는 트럭.cpp">
      <Filter>프로그래머스</Filter>
    </ClCompile>
    <ClCompile Include="프로그래머스_올바른 괄호.cpp">
      <Filter>프로그래머스</Filter>
    </ClCompile>
    <ClCompile Include="프로그래머스_중복된 문자 제거.cpp">
      <Filter>프로그래머스</Filter>
    </ClCompile>
    <ClCompile Include="프로그래머스_프로세스.cpp">
      <Filter>프로그래머스</Filter>
    </ClCompile>
    <ClCompile Include="BaekjoonOnlineJudge_1001.cpp">
      <Filter>BaekjoonOnlineJudge</Filter>
    </ClCompile>
    <ClCompile Include="BaekjoonOnlineJudge_10818.cpp">
      <Filter>BaekjoonOnlineJudge</Filter>
    </ClCompile>
    <ClCompile Include="BaekjoonOnlineJudge_1269.cpp">
      <Filter>BaekjoonOnlineJudge</Filter>
    </ClCompile>
    <ClCompile Include="BaekjoonOnlineJudge_10813.cpp">
      <Filter>BaekjoonOnlineJudge</Filter>
    </ClCompile>
    <ClCompile Include="BaekjoonOnlineJudge_1547.cpp">
      <Filter>BaekjoonOnlineJudge</Filter>
    </ClCompile>
    <ClCompile Include="BaekjoonOnlineJudge_9935.cpp">
      <Filter>BaekjoonOnlineJudge</Filter>
    </ClCompile>
    <ClCompile Include="BaekjoonOnlineJudge_2798.cpp">
      <Filter>BaekjoonOnlineJudge</Filter>
    </ClCompile>
    <ClCompile Include="프로그래머스_행렬의 곱셈.cpp">
      <Filter>프로그래머스</Filter>
    </ClCompile>
    <ClCompile Include="BaekjoonOnlineJudge_1000.cpp">
      <Filter>BaekjoonOnlineJudge</Filter>
    </ClCompile>
    <ClCompile Include="BaekjoonOnlineJudge_1874.cpp">
      <Filter>BaekjoonOnlineJudge</Filter>
    </ClCompile>
    <ClCompile Include="BaekjoonOnlineJudge_18917.cpp">
      <Filter>BaekjoonOnlineJudge</Filter>
    </ClCompile>
    <ClCompile Include="BaekjoonOnlineJudge_2442.cpp">
      <Filter>BaekjoonOnlineJudge</Filter>
    </ClCompile>
    <ClCompile Include="프로그래머스_오픈채팅방.cpp">
      <Filter>프로그래머스</Filter>
    </ClCompile>
    <ClCompile Include="BaekjoonOnlineJudge_10799.cpp">
      <Filter>BaekjoonOnlineJudge</Filter>
    </ClCompile>
    <ClCompile Include="BaekjoonOnlineJudge_2557.cpp">
      <Filter>BaekjoonOnlineJudge</Filter>
    </ClCompile>
    <ClCompile Include="BaekjoonOnlineJudge_1008.cpp">
      <Filter>BaekjoonOnlineJudge</Filter>
    </ClCompile>
    <ClCompile Include="BaekjoonOnlineJudge_1009.cpp">
      <Filter>BaekjoonOnlineJudge</Filter>
    </ClCompile>
    <ClCompile Include="BaekjoonOnlineJudge_1010.cpp">
      <Filter>BaekjoonOnlineJudge</Filter>
    </ClCompile>
    <ClCompile Include="BaekjoonOnlineJudge_1018.cpp">
      <Filter>BaekjoonOnlineJudge</Filter>
    </ClCompile>
    <ClCompile Include="BaekjoonOnlineJudge_1021.cpp">
      <Filter>BaekjoonOnlineJudge</Filter>
    </ClCompile>
    <ClCompile Include="BaekjoonOnlineJudge_1032.cpp">
      <Filter>BaekjoonOnlineJudge</Filter>
    </ClCompile>
    <ClCompile Include="BaekjoonOnlineJudge_1037.cpp">
      <Filter>BaekjoonOnlineJudge</Filter>
    </ClCompile>
    <ClCompile Include="BaekjoonOnlineJudge_1075.cpp">
      <Filter>BaekjoonOnlineJudge</Filter>
    </ClCompile>
    <ClCompile Include="BaekjoonOnlineJudge_1076.cpp">
      <Filter>BaekjoonOnlineJudge</Filter>
    </ClCompile>
    <ClCompile Include="BaekjoonOnlineJudge_1085.cpp">
      <Filter>BaekjoonOnlineJudge</Filter>
    </ClCompile>
    <ClCompile Include="BaekjoonOnlineJudge_1100.cpp">
      <Filter>BaekjoonOnlineJudge</Filter>
    </ClCompile>
    <ClCompile Include="BaekjoonOnlineJudge_1110.cpp">
      <Filter>BaekjoonOnlineJudge</Filter>
    </ClCompile>
    <ClCompile Include="BaekjoonOnlineJudge_1152.cpp">
      <Filter>BaekjoonOnlineJudge</Filter>
    </ClCompile>
    <ClCompile Include="BaekjoonOnlineJudge_1157.cpp">
      <Filter>BaekjoonOnlineJudge</Filter>
    </ClCompile>
    <ClCompile Include="BaekjoonOnlineJudge_1181.cpp">
      <Filter>BaekjoonOnlineJudge</Filter>
    </ClCompile>
    <ClCompile Include="BaekjoonOnlineJudge_1193.cpp">
      <Filter>BaekjoonOnlineJudge</Filter>
    </ClCompile>
    <ClCompile Include="BaekjoonOnlineJudge_11003.cpp">
      <Filter>BaekjoonOnlineJudge</Filter>
    </ClCompile>
    <ClCompile Include="BaekjoonOnlineJudge_5430.cpp">
      <Filter>BaekjoonOnlineJudge</Filter>
    </ClCompile>
    <ClCompile Include="BaekjoonOnlineJudge_2666.cpp">
      <Filter>BaekjoonOnlineJudge</Filter>
    </ClCompile>
    <ClCompile Include="BaekjoonOnlineJudge_2447.cpp">
      <Filter>BaekjoonOnlineJudge</Filter>
    </ClCompile>
    <ClCompile Include="BaekjoonOnlineJudge_25381.cpp">
      <Filter>BaekjoonOnlineJudge</Filter>
    </ClCompile>
    <ClCompile Include="BaekjoonOnlineJudge_21942.cpp">
      <Filter>BaekjoonOnlineJudge</Filter>
    </ClCompile>
    <ClCompile Include="BaekjoonOnlineJudge_12015.cpp">
      <Filter>BaekjoonOnlineJudge</Filter>
    </ClCompile>
    <ClCompile Include="BaekjoonOnlineJudge_1918.cpp">
      <Filter>BaekjoonOnlineJudge</Filter>
    </ClCompile>
    <ClCompile Include="BaekjoonOnlineJudge_1655.cpp">
      <Filter>BaekjoonOnlineJudge</Filter>
    </ClCompile>
    <ClCompile Include="BaekjoonOnlineJudge_1300.cpp">
      <Filter>BaekjoonOnlineJudge</Filter>
    </ClCompile>
    <ClCompile Include="BaekjoonOnlineJudge_1135.cpp">
      <Filter>BaekjoonOnlineJudge</Filter>
    </ClCompile>
    <ClCompile Include="BaekjoonOnlineJudge_1546.cpp">
      <Filter>BaekjoonOnlineJudge</Filter>
    </ClCompile>
    <ClCompile Include="BaekjoonOnlineJudge_2720.cpp">
      <Filter>BaekjoonOnlineJudge</Filter>
    </ClCompile>
    <ClCompile Include="BaekjoonOnlineJudge_2839.cpp">
      <Filter>BaekjoonOnlineJudge</Filter>
    </ClCompile>
    <ClCompile Include="BaekjoonOnlineJudge_1145.cpp">
      <Filter>BaekjoonOnlineJudge</Filter>
    </ClCompile>
    <ClCompile Include="BaekjoonOnlineJudge_4299.cpp">
      <Filter>BaekjoonOnlineJudge</Filter>
    </ClCompile>
    <ClCompile Include="BaekjoonOnlineJudge_11382.cpp">
      <Filter>BaekjoonOnlineJudge</Filter>
    </ClCompile>
    <ClCompile Include="BaekjoonOnlineJudge_4246.cpp">
      <Filter>BaekjoonOnlineJudge</Filter>
    </ClCompile>
    <ClCompile Include="BaekjoonOnlineJudge_11724.cpp">
      <Filter>BaekjoonOnlineJudge</Filter>
    </ClCompile>
    <ClCompile Include="BaekjoonOnlineJudge_13909.cpp">
      <Filter>BaekjoonOnlineJudge</Filter>
    </ClCompile>
    <ClCompile Include="BaekjoonOnlineJudge_22251.cpp">
      <Filter>BaekjoonOnlineJudge</Filter>
    </ClCompile>
    <ClCompile Include="BaekjoonOnlineJudge_1026.cpp">
      <Filter>BaekjoonOnlineJudge</Filter>
    </ClCompile>
    <ClCompile Include="BaekjoonOnlineJudge_16435.cpp">
      <Filter>BaekjoonOnlineJudge</Filter>
    </ClCompile>
    <ClCompile Include="BaekjoonOnlineJudge_16499.cpp">
      <Filter>BaekjoonOnlineJudge</Filter>
    </ClCompile>
    <ClCompile Include="BaekjoonOnlineJudge_1094.cpp">
      <Filter>BaekjoonOnlineJudge</Filter>
    </ClCompile>
    <ClCompile Include="BaekjoonOnlineJudge_5585.cpp">
      <Filter>BaekjoonOnlineJudge</Filter>
    </ClCompile>
    <ClCompile Include="BaekjoonOnlineJudge_2992.cpp">
      <Filter>BaekjoonOnlineJudge</Filter>
    </ClCompile>
    <ClCompile Include="BaekjoonOnlineJudge_2239.cpp">
      <Filter>BaekjoonOnlineJudge</Filter>
    </ClCompile>
    <ClCompile Include="BaekjoonOnlineJudge_3017.cpp">
      <Filter>BaekjoonOnlineJudge</Filter>
    </ClCompile>
    <ClCompile Include="BaekjoonOnlineJudge_15654.cpp">
      <Filter>BaekjoonOnlineJudge</Filter>
    </ClCompile>
    <ClCompile Include="BaekjoonOnlineJudge_15655.cpp">
      <Filter>BaekjoonOnlineJudge</Filter>
    </ClCompile>
    <ClCompile Include="BaekjoonOnlineJudge_15656.cpp">
      <Filter>BaekjoonOnlineJudge</Filter>
    </ClCompile>
    <ClCompile Include="BaekjoonOnlineJudge_15657.cpp">
      <Filter>BaekjoonOnlineJudge</Filter>
    </ClCompile>
    <ClCompile Include="BaekjoonOnlineJudge_15663.cpp">
      <Filter>BaekjoonOnlineJudge</Filter>
    </ClCompile>
    <ClCompile Include="BaekjoonOnlineJudge_2747.cpp">
      <Filter>BaekjoonOnlineJudge</Filter>
    </ClCompile>
    <ClCompile Include="BaekjoonOnlineJudge_2748.cpp">
      <Filter>BaekjoonOnlineJudge</Filter>
    </ClCompile>
    <ClCompile Include="BaekjoonOnlineJudge_11052.cpp">
      <Filter>BaekjoonOnlineJudge</Filter>
    </ClCompile>
    <ClCompile Include="BaekjoonOnlineJudge_2580.cpp">
      <Filter>BaekjoonOnlineJudge</Filter>
    </ClCompile>
    <ClCompile Include="BaekjoonOnlineJudge_2252.cpp">
      <Filter>BaekjoonOnlineJudge</Filter>
    </ClCompile>
    <ClCompile Include="BaekjoonOnlineJudge_1003.cpp">
      <Filter>BaekjoonOnlineJudge</Filter>
    </ClCompile>
    <ClCompile Include="BaekjoonOnlineJudge_15664.cpp">
      <Filter>BaekjoonOnlineJudge</Filter>
    </ClCompile>
    <ClCompile Include="BaekjoonOnlineJudge_15665.cpp">
      <Filter>BaekjoonOnlineJudge</Filter>
    </ClCompile>
    <ClCompile Include="BaekjoonOnlineJudge_15666.cpp">
      <Filter>BaekjoonOnlineJudge</Filter>
    </ClCompile>
    <ClCompile Include="BaekjoonOnlineJudge_2242.cpp">
      <Filter>BaekjoonOnlineJudge</Filter>
    </ClCompile>
    <ClCompile Include="BaekjoonOnlineJudge_18352.cpp">
      <Filter>BaekjoonOnlineJudge</Filter>
    </ClCompile>
    <ClCompile Include="BaekjoonOnlineJudge_1753.cpp">
      <Filter>BaekjoonOnlineJudge</Filter>
    </ClCompile>
    <ClCompile Include="BaekjoonOnlineJudge_11657.cpp">
      <Filter>BaekjoonOnlineJudge</Filter>
    </ClCompile>
    <ClCompile Include="BaekjoonOnlineJudge_11404.cpp">
      <Filter>BaekjoonOnlineJudge</Filter>
    </ClCompile>
    <ClCompile Include="BaekjoonOnlineJudge_11403.cpp">
      <Filter>BaekjoonOnlineJudge</Filter>
    </ClCompile>
    <ClCompile Include="BaekjoonOnlineJudge_1057.cpp">
      <Filter>BaekjoonOnlineJudge</Filter>
    </ClCompile>
    <ClCompile Include="BaekjoonOnlineJudge_1092.cpp">
      <Filter>BaekjoonOnlineJudge</Filter>
    </ClCompile>
    <ClCompile Include="BaekjoonOnlineJudge_18511.cpp">
      <Filter>BaekjoonOnlineJudge</Filter>
    </ClCompile>
    <ClCompile Include="BaekjoonOnlineJudge_1717.cpp">
      <Filter>BaekjoonOnlineJudge</Filter>
    </ClCompile>
    <ClCompile Include="BaekjoonOnlineJudge_1922.cpp">
      <Filter>BaekjoonOnlineJudge</Filter>
    </ClCompile>
    <ClCompile Include="BaekjoonOnlineJudge_1197.cpp">
      <Filter>BaekjoonOnlineJudge</Filter>
    </ClCompile>
    <ClCompile Include="BaekjoonOnlineJudge_1647.cpp">
      <Filter>BaekjoonOnlineJudge</Filter>
    </ClCompile>
    <ClCompile Include="프로그래머스_OX퀴즈.cpp">
      <Filter>프로그래머스</Filter>
    </ClCompile>
    <ClCompile Include="BaekjoonOnlineJudge_2485.cpp">
      <Filter>BaekjoonOnlineJudge</Filter>
    </ClCompile>
    <ClCompile Include="BaekjoonOnlineJudge_1940.cpp">
      <Filter>BaekjoonOnlineJudge</Filter>
    </ClCompile>
    <ClCompile Include="BaekjoonOnlineJudge_2475.cpp">
      <Filter>BaekjoonOnlineJudge</Filter>
    </ClCompile>
    <ClCompile Include="BaekjoonOnlineJudge_2741.cpp">
      <Filter>BaekjoonOnlineJudge</Filter>
    </ClCompile>
    <ClCompile Include="BaekjoonOnlineJudge_2577.cpp">
      <Filter>BaekjoonOnlineJudge</Filter>
    </ClCompile>
    <ClCompile Include="BaekjoonOnlineJudge_2920.cpp">
      <Filter>BaekjoonOnlineJudge</Filter>
    </ClCompile>
    <ClCompile Include="BaekjoonOnlineJudge_8958.cpp">
      <Filter>BaekjoonOnlineJudge</Filter>
    </ClCompile>
    <ClCompile Include="BaekjoonOnlineJudge_10250.cpp">
      <Filter>BaekjoonOnlineJudge</Filter>
    </ClCompile>
    <ClCompile Include="BaekjoonOnlineJudge_10699.cpp">
      <Filter>BaekjoonOnlineJudge</Filter>
    </ClCompile>
    <ClCompile Include="BaekjoonOnlineJudge_2420.cpp">
      <Filter>BaekjoonOnlineJudge</Filter>
    </ClCompile>
    <ClCompile Include="BaekjoonOnlineJudge_10171.cpp">
      <Filter>BaekjoonOnlineJudge</Filter>
    </ClCompile>
    <ClCompile Include="BaekjoonOnlineJudge_10172.cpp">
      <Filter>BaekjoonOnlineJudge</Filter>
    </ClCompile>
    <ClCompile Include="BaekjoonOnlineJudge_25083.cpp">
      <Filter>BaekjoonOnlineJudge</Filter>
    </ClCompile>
    <ClCompile Include="BaekjoonOnlineJudge_2744.cpp">
      <Filter>BaekjoonOnlineJudge</Filter>
    </ClCompile>
    <ClCompile Include="BaekjoonOnlineJudge_2754.cpp">
      <Filter>BaekjoonOnlineJudge</Filter>
    </ClCompile>
    <ClCompile Include="BaekjoonOnlineJudge_15964.cpp">
      <Filter>BaekjoonOnlineJudge</Filter>
    </ClCompile>
    <ClCompile Include="BaekjoonOnlineJudge_4153.cpp">
      <Filter>BaekjoonOnlineJudge</Filter>
    </ClCompile>
    <ClCompile Include="BaekjoonOnlineJudge_2609.cpp">
      <Filter>BaekjoonOnlineJudge</Filter>
    </ClCompile>
    <ClCompile Include="BaekjoonOnlineJudge_10988.cpp">
      <Filter>BaekjoonOnlineJudge</Filter>
    </ClCompile>
    <ClCompile Include="BaekjoonOnlineJudge_1259.cpp">
      <Filter>BaekjoonOnlineJudge</Filter>
    </ClCompile>
    <ClCompile Include="BaekjoonOnlineJudge_18258.cpp">
      <Filter>BaekjoonOnlineJudge</Filter>
    </ClCompile>
    <ClCompile Include="BaekjoonOnlineJudge_1676.cpp">
      <Filter>BaekjoonOnlineJudge</Filter>
    </ClCompile>
    <ClCompile Include="BaekjoonOnlineJudge_2108.cpp">
      <Filter>BaekjoonOnlineJudge</Filter>
    </ClCompile>
    <ClCompile Include="BaekjoonOnlineJudge_2775.cpp">
      <Filter>BaekjoonOnlineJudge</Filter>
    </ClCompile>
    <ClCompile Include="프로그래머스_겹치는 선분의 길이.cpp">
      <Filter>프로그래머스</Filter>
    </ClCompile>
    <ClCompile Include="프로그래머스_크레인 인형뽑기 게임.cpp">
      <Filter>프로그래머스</Filter>
    </ClCompile>
    <ClCompile Include="BaekjoonOnlineJudge_7568.cpp">
      <Filter>BaekjoonOnlineJudge</Filter>
    </ClCompile>
    <ClCompile Include="BaekjoonOnlineJudge_15829.cpp">
      <Filter>BaekjoonOnlineJudge</Filter>
    </ClCompile>
    <ClCompile Include="BaekjoonOnlineJudge_18110.cpp">
      <Filter>BaekjoonOnlineJudge</Filter>
    </ClCompile>
    <ClCompile Include="main.cpp" />
    <ClCompile Include="BaekjoonOnlineJudge_18111.cpp">
      <Filter>BaekjoonOnlineJudge</Filter>
    </ClCompile>
    <ClCompile Include="BaekjoonOnlineJudge_2178.cpp">
      <Filter>BaekjoonOnlineJudge</Filter>
    </ClCompile>
    <ClCompile Include="프로그래머스_게임 맵 최단거리.cpp">
      <Filter>프로그래머스</Filter>
    </ClCompile>
    <ClCompile Include="프로그래머스_단어 변환.cpp">
      <Filter>프로그래머스</Filter>
    </ClCompile>
    <ClCompile Include="BaekjoonOnlineJudge_1012.cpp">
      <Filter>BaekjoonOnlineJudge</Filter>
    </ClCompile>
    <ClCompile Include="프로그래머스_타겟 넘버.cpp">
      <Filter>프로그래머스</Filter>
    </ClCompile>
    <ClCompile Include="프로그래머스_네트워크.cpp">
      <Filter>프로그래머스</Filter>
    </ClCompile>
    <ClCompile Include="BaekjoonOnlineJudge_5635.cpp">
      <Filter>BaekjoonOnlineJudge</Filter>
    </ClCompile>
    <ClCompile Include="BaekjoonOnlineJudge_11047.cpp">
      <Filter>BaekjoonOnlineJudge</Filter>
    </ClCompile>
    <ClCompile Include="BaekjoonOnlineJudge_11655.cpp">
      <Filter>BaekjoonOnlineJudge</Filter>
    </ClCompile>
    <ClCompile Include="BaekjoonOnlineJudge_2693.cpp">
      <Filter>BaekjoonOnlineJudge</Filter>
    </ClCompile>
    <ClCompile Include="BaekjoonOnlineJudge_11654.cpp">
      <Filter>BaekjoonOnlineJudge</Filter>
    </ClCompile>
    <ClCompile Include="BaekjoonOnlineJudge_11170.cpp">
      <Filter>BaekjoonOnlineJudge</Filter>
    </ClCompile>
  </ItemGroup>
</Project>