<?xml version="1.0" encoding="utf-8"?>
<Project ToolsVersion="4.0" xmlns="http://schemas.microsoft.com/developer/msbuild/2003">
  <ItemGroup>
    <Filter Include="BaekjoonOnlineJudge">
      <UniqueIdentifier>{4FC737F1-C7A5-4376-A066-2A32D752A2FF}</UniqueIdentifier>
      <Extensions>cpp;c;cc;cxx;c++;cppm;ixx;def;odl;idl;hpj;bat;asm;asmx</Extensions>
    </Filter>
    <Filter Include="프로그래머스">
      <UniqueIdentifier>{28d38c5e-6c3b-467d-b78f-4187d66af4fc}</UniqueIdentifier>
    </Filter>
  </ItemGroup>
  <ItemGroup>
    <ClCompile Include="BaekjoonOnlineJudge_3986.cpp">
      <Filter>BaekjoonOnlineJudge</Filter>
    </ClCompile>
    <ClCompile Include="BaekjoonOnlineJudge_24060.cpp">
      <Filter>BaekjoonOnlineJudge</Filter>
    </ClCompile>
    <ClCompile Include="BaekjoonOnlineJudge_1158.cpp">
      <Filter>BaekjoonOnlineJudge</Filter>
    </ClCompile>
    <ClCompile Include="BaekjoonOnlineJudge_17827.cpp">
      <Filter>BaekjoonOnlineJudge</Filter>
    </ClCompile>
    <ClCompile Include="BaekjoonOnlineJudge_15649.cpp">
      <Filter>BaekjoonOnlineJudge</Filter>
    </ClCompile>
    <ClCompile Include="BaekjoonOnlineJudge_15650.cpp">
      <Filter>BaekjoonOnlineJudge</Filter>
    </ClCompile>
    <ClCompile Include="BaekjoonOnlineJudge_15651.cpp">
      <Filter>BaekjoonOnlineJudge</Filter>
    </ClCompile>
    <ClCompile Include="BaekjoonOnlineJudge_15652.cpp">
      <Filter>BaekjoonOnlineJudge</Filter>
    </ClCompile>
    <ClCompile Include="BaekjoonOnlineJudge_5397.cpp">
      <Filter>BaekjoonOnlineJudge</Filter>
    </ClCompile>
    <ClCompile Include="BaekjoonOnlineJudge_9663.cpp">
      <Filter>BaekjoonOnlineJudge</Filter>
    </ClCompile>
    <ClCompile Include="BaekjoonOnlineJudge_10814.cpp">
      <Filter>BaekjoonOnlineJudge</Filter>
    </ClCompile>
    <ClCompile Include="BaekjoonOnlineJudge_2750.cpp">
      <Filter>BaekjoonOnlineJudge</Filter>
    </ClCompile>
    <ClCompile Include="BaekjoonOnlineJudge_1920.cpp">
      <Filter>BaekjoonOnlineJudge</Filter>
    </ClCompile>
    <ClCompile Include="BaekjoonOnlineJudge_10816.cpp">
      <Filter>BaekjoonOnlineJudge</Filter>
    </ClCompile>
    <ClCompile Include="BaekjoonOnlineJudge_1302.cpp">
      <Filter>BaekjoonOnlineJudge</Filter>
    </ClCompile>
    <ClCompile Include="BaekjoonOnlineJudge_1620.cpp">
      <Filter>BaekjoonOnlineJudge</Filter>
    </ClCompile>
    <ClCompile Include="BaekjoonOnlineJudge_1316.cpp">
      <Filter>BaekjoonOnlineJudge</Filter>
    </ClCompile>
    <ClCompile Include="BaekjoonOnlineJudge_1764.cpp">
      <Filter>BaekjoonOnlineJudge</Filter>
    </ClCompile>
    <ClCompile Include="BaekjoonOnlineJudge_10815.cpp">
      <Filter>BaekjoonOnlineJudge</Filter>
    </ClCompile>
    <ClCompile Include="프로그래머스_K번째수.cpp">
      <Filter>프로그래머스</Filter>
    </ClCompile>
    <ClCompile Include="프로그래머스_같은 숫자는 싫어.cpp">
      <Filter>프로그래머스</Filter>
    </ClCompile>
    <ClCompile Include="프로그래머스_괄호 회전하기.cpp">
      <Filter>프로그래머스</Filter>
    </ClCompile>
    <ClCompile Include="프로그래머스_기능개발.cpp">
      <Filter>프로그래머스</Filter>
    </ClCompile>
    <ClCompile Include="프로그래머스_다리를 지나는 트럭.cpp">
      <Filter>프로그래머스</Filter>
    </ClCompile>
    <ClCompile Include="프로그래머스_올바른 괄호.cpp">
      <Filter>프로그래머스</Filter>
    </ClCompile>
    <ClCompile Include="프로그래머스_중복된 문자 제거.cpp">
      <Filter>프로그래머스</Filter>
    </ClCompile>
    <ClCompile Include="프로그래머스_프로세스.cpp">
      <Filter>프로그래머스</Filter>
    </ClCompile>
    <ClCompile Include="BaekjoonOnlineJudge_1001.cpp">
      <Filter>BaekjoonOnlineJudge</Filter>
    </ClCompile>
    <ClCompile Include="BaekjoonOnlineJudge_10818.cpp">
      <Filter>BaekjoonOnlineJudge</Filter>
    </ClCompile>
    <ClCompile Include="BaekjoonOnlineJudge_1269.cpp">
      <Filter>BaekjoonOnlineJudge</Filter>
    </ClCompile>
    <ClCompile Include="BaekjoonOnlineJudge_10813.cpp">
      <Filter>BaekjoonOnlineJudge</Filter>
    </ClCompile>
    <ClCompile Include="BaekjoonOnlineJudge_1547.cpp">
      <Filter>BaekjoonOnlineJudge</Filter>
    </ClCompile>
    <ClCompile Include="BaekjoonOnlineJudge_9935.cpp">
      <Filter>BaekjoonOnlineJudge</Filter>
    </ClCompile>
    <ClCompile Include="BaekjoonOnlineJudge_2798.cpp">
      <Filter>BaekjoonOnlineJudge</Filter>
    </ClCompile>
    <ClCompile Include="프로그래머스_행렬의 곱셈.cpp">
      <Filter>프로그래머스</Filter>
    </ClCompile>
    <ClCompile Include="BaekjoonOnlineJudge_1000.cpp">
      <Filter>BaekjoonOnlineJudge</Filter>
    </ClCompile>
    <ClCompile Include="BaekjoonOnlineJudge_1874.cpp">
      <Filter>BaekjoonOnlineJudge</Filter>
    </ClCompile>
    <ClCompile Include="BaekjoonOnlineJudge_18917.cpp">
      <Filter>BaekjoonOnlineJudge</Filter>
    </ClCompile>
  </ItemGroup>
</Project>